
Microsoft Visual Studio Solution File, Format Version 12.00
# Visual Studio Version 16
VisualStudioVersion = 16.0.31729.503
MinimumVisualStudioVersion = 10.0.40219.1
Project("{FAE04EC0-301F-11D3-BF4B-00C04F79EFBC}") = "gitShowcase", "gitShowcase\gitShowcase.csproj", "{F383614A-6A1D-4076-8DC7-4DF97CE23726}"
EndProject
Global
	GlobalSection(SolutionConfigurationPlatforms) = preSolution
		Debug|Any CPU = Debug|Any CPU
		Release|Any CPU = Release|Any CPU
	EndGlobalSection
	GlobalSection(ProjectConfigurationPlatforms) = postSolution
		{F383614A-6A1D-4076-8DC7-4DF97CE23726}.Debug|Any CPU.ActiveCfg = Debug|Any CPU
		{F383614A-6A1D-4076-8DC7-4DF97CE23726}.Debug|Any CPU.Build.0 = Debug|Any CPU
		{F383614A-6A1D-4076-8DC7-4DF97CE23726}.Release|Any CPU.ActiveCfg = Release|Any CPU
		{F383614A-6A1D-4076-8DC7-4DF97CE23726}.Release|Any CPU.Build.0 = Release|Any CPU
	EndGlobalSection
	GlobalSection(SolutionProperties) = preSolution
		HideSolutionNode = FALSE
	EndGlobalSection
	GlobalSection(ExtensibilityGlobals) = postSolution
		SolutionGuid = {90423E20-2376-4742-92D1-BE3D5B9D2EE5}
	EndGlobalSection
EndGlobal
